
Microsoft Visual Studio Solution File, Format Version 12.00
# Visual Studio 2012
Project("{FAE04EC0-301F-11D3-BF4B-00C04F79EFBC}") = "ggwb", "ggwb\ggwb.csproj", "{5C5C97D7-59BA-4DCB-81D9-52A6DEDE278E}"
EndProject
Project("{FAE04EC0-301F-11D3-BF4B-00C04F79EFBC}") = "ggwb.Tests", "ggwb.Tests\ggwb.Tests.csproj", "{5D8A2CD6-C262-4A90-8069-7724EAC6A4BE}"
EndProject
Global
	GlobalSection(SolutionConfigurationPlatforms) = preSolution
		Debug|Any CPU = Debug|Any CPU
		Release|Any CPU = Release|Any CPU
	EndGlobalSection
	GlobalSection(ProjectConfigurationPlatforms) = postSolution
		{5C5C97D7-59BA-4DCB-81D9-52A6DEDE278E}.Debug|Any CPU.ActiveCfg = Debug|Any CPU
		{5C5C97D7-59BA-4DCB-81D9-52A6DEDE278E}.Debug|Any CPU.Build.0 = Debug|Any CPU
		{5C5C97D7-59BA-4DCB-81D9-52A6DEDE278E}.Release|Any CPU.ActiveCfg = Release|Any CPU
		{5C5C97D7-59BA-4DCB-81D9-52A6DEDE278E}.Release|Any CPU.Build.0 = Release|Any CPU
		{5D8A2CD6-C262-4A90-8069-7724EAC6A4BE}.Debug|Any CPU.ActiveCfg = Debug|Any CPU
		{5D8A2CD6-C262-4A90-8069-7724EAC6A4BE}.Debug|Any CPU.Build.0 = Debug|Any CPU
		{5D8A2CD6-C262-4A90-8069-7724EAC6A4BE}.Release|Any CPU.ActiveCfg = Release|Any CPU
		{5D8A2CD6-C262-4A90-8069-7724EAC6A4BE}.Release|Any CPU.Build.0 = Release|Any CPU
	EndGlobalSection
	GlobalSection(SolutionProperties) = preSolution
		HideSolutionNode = FALSE
	EndGlobalSection
EndGlobal
